// !$*UTF8*$!
{
	archiveVersion = 1;
	classes = {
	};
	objectVersion = 56;
	objects = {

/* Begin PBXBuildFile section */
		7C66F9292A63862800D2B48A /* MovieCellViewModel.swift in Sources */ = {isa = PBXBuildFile; fileRef = 7C66F91D2A63862600D2B48A /* MovieCellViewModel.swift */; };
		7C66F92A2A63862800D2B48A /* Main.storyboard in Resources */ = {isa = PBXBuildFile; fileRef = 7C66F91E2A63862600D2B48A /* Main.storyboard */; };
		7C66F92B2A63862800D2B48A /* Movie.swift in Sources */ = {isa = PBXBuildFile; fileRef = 7C66F9202A63862700D2B48A /* Movie.swift */; };
		7C66F92C2A63862800D2B48A /* MoviesViewModel.swift in Sources */ = {isa = PBXBuildFile; fileRef = 7C66F9212A63862700D2B48A /* MoviesViewModel.swift */; };
		7C66F92D2A63862800D2B48A /* AppDelegate.swift in Sources */ = {isa = PBXBuildFile; fileRef = 7C66F9222A63862700D2B48A /* AppDelegate.swift */; };
		7C66F92E2A63862800D2B48A /* Constants.swift in Sources */ = {isa = PBXBuildFile; fileRef = 7C66F9232A63862700D2B48A /* Constants.swift */; };
		7C66F92F2A63862800D2B48A /* MovieTableViewCell.swift in Sources */ = {isa = PBXBuildFile; fileRef = 7C66F9242A63862700D2B48A /* MovieTableViewCell.swift */; };
		7C66F9302A63862800D2B48A /* Array+Extensions.swift in Sources */ = {isa = PBXBuildFile; fileRef = 7C66F9252A63862700D2B48A /* Array+Extensions.swift */; };
		7C66F9312A63862800D2B48A /* SceneDelegate.swift in Sources */ = {isa = PBXBuildFile; fileRef = 7C66F9262A63862800D2B48A /* SceneDelegate.swift */; };
		7C66F9322A63862800D2B48A /* MoviesViewController.swift in Sources */ = {isa = PBXBuildFile; fileRef = 7C66F9272A63862800D2B48A /* MoviesViewController.swift */; };
		7C66F9332A63862800D2B48A /* MovieTableViewCell.xib in Resources */ = {isa = PBXBuildFile; fileRef = 7C66F9282A63862800D2B48A /* MovieTableViewCell.xib */; };
		7C8CD2A52A6385BC0063A3A7 /* Assets.xcassets in Resources */ = {isa = PBXBuildFile; fileRef = 7C8CD2A42A6385BC0063A3A7 /* Assets.xcassets */; };
		7C8CD2A82A6385BC0063A3A7 /* LaunchScreen.storyboard in Resources */ = {isa = PBXBuildFile; fileRef = 7C8CD2A62A6385BC0063A3A7 /* LaunchScreen.storyboard */; };
/* End PBXBuildFile section */

/* Begin PBXFileReference section */
		7C66F91D2A63862600D2B48A /* MovieCellViewModel.swift */ = {isa = PBXFileReference; fileEncoding = 4; lastKnownFileType = sourcecode.swift; name = MovieCellViewModel.swift; path = "../../../../MDEV1001-M2023-ICE7/iOS/ICE7/ICE7/MovieCellViewModel.swift"; sourceTree = "<group>"; };
		7C66F91F2A63862600D2B48A /* Base */ = {isa = PBXFileReference; lastKnownFileType = file.storyboard; name = Base; path = "../../../../MDEV1001-M2023-ICE7/iOS/ICE7/ICE7/Base.lproj/Main.storyboard"; sourceTree = "<group>"; };
		7C66F9202A63862700D2B48A /* Movie.swift */ = {isa = PBXFileReference; fileEncoding = 4; lastKnownFileType = sourcecode.swift; name = Movie.swift; path = "../../../../MDEV1001-M2023-ICE7/iOS/ICE7/ICE7/Movie.swift"; sourceTree = "<group>"; };
		7C66F9212A63862700D2B48A /* MoviesViewModel.swift */ = {isa = PBXFileReference; fileEncoding = 4; lastKnownFileType = sourcecode.swift; name = MoviesViewModel.swift; path = "../../../../MDEV1001-M2023-ICE7/iOS/ICE7/ICE7/MoviesViewModel.swift"; sourceTree = "<group>"; };
		7C66F9222A63862700D2B48A /* AppDelegate.swift */ = {isa = PBXFileReference; fileEncoding = 4; lastKnownFileType = sourcecode.swift; name = AppDelegate.swift; path = "../../../../MDEV1001-M2023-ICE7/iOS/ICE7/ICE7/AppDelegate.swift"; sourceTree = "<group>"; };
		7C66F9232A63862700D2B48A /* Constants.swift */ = {isa = PBXFileReference; fileEncoding = 4; lastKnownFileType = sourcecode.swift; name = Constants.swift; path = "../../../../MDEV1001-M2023-ICE7/iOS/ICE7/ICE7/Constants.swift"; sourceTree = "<group>"; };
		7C66F9242A63862700D2B48A /* MovieTableViewCell.swift */ = {isa = PBXFileReference; fileEncoding = 4; lastKnownFileType = sourcecode.swift; name = MovieTableViewCell.swift; path = "../../../../MDEV1001-M2023-ICE7/iOS/ICE7/ICE7/MovieTableViewCell.swift"; sourceTree = "<group>"; };
		7C66F9252A63862700D2B48A /* Array+Extensions.swift */ = {isa = PBXFileReference; fileEncoding = 4; lastKnownFileType = sourcecode.swift; name = "Array+Extensions.swift"; path = "../../../../MDEV1001-M2023-ICE7/iOS/ICE7/ICE7/Array+Extensions.swift"; sourceTree = "<group>"; };
		7C66F9262A63862800D2B48A /* SceneDelegate.swift */ = {isa = PBXFileReference; fileEncoding = 4; lastKnownFileType = sourcecode.swift; name = SceneDelegate.swift; path = "../../../../MDEV1001-M2023-ICE7/iOS/ICE7/ICE7/SceneDelegate.swift"; sourceTree = "<group>"; };
		7C66F9272A63862800D2B48A /* MoviesViewController.swift */ = {isa = PBXFileReference; fileEncoding = 4; lastKnownFileType = sourcecode.swift; name = MoviesViewController.swift; path = "../../../../MDEV1001-M2023-ICE7/iOS/ICE7/ICE7/MoviesViewController.swift"; sourceTree = "<group>"; };
		7C66F9282A63862800D2B48A /* MovieTableViewCell.xib */ = {isa = PBXFileReference; fileEncoding = 4; lastKnownFileType = file.xib; name = MovieTableViewCell.xib; path = "../../../../MDEV1001-M2023-ICE7/iOS/ICE7/ICE7/MovieTableViewCell.xib"; sourceTree = "<group>"; };
		7C8CD2982A6385BB0063A3A7 /* ICE8.app */ = {isa = PBXFileReference; explicitFileType = wrapper.application; includeInIndex = 0; path = ICE8.app; sourceTree = BUILT_PRODUCTS_DIR; };
		7C8CD2A42A6385BC0063A3A7 /* Assets.xcassets */ = {isa = PBXFileReference; lastKnownFileType = folder.assetcatalog; path = Assets.xcassets; sourceTree = "<group>"; };
		7C8CD2A72A6385BC0063A3A7 /* Base */ = {isa = PBXFileReference; lastKnownFileType = file.storyboard; name = Base; path = Base.lproj/LaunchScreen.storyboard; sourceTree = "<group>"; };
		7C8CD2A92A6385BC0063A3A7 /* Info.plist */ = {isa = PBXFileReference; lastKnownFileType = text.plist.xml; path = Info.plist; sourceTree = "<group>"; };
/* End PBXFileReference section */

/* Begin PBXFrameworksBuildPhase section */
		7C8CD2952A6385BB0063A3A7 /* Frameworks */ = {
			isa = PBXFrameworksBuildPhase;
			buildActionMask = 2147483647;
			files = (
			);
			runOnlyForDeploymentPostprocessing = 0;
		};
/* End PBXFrameworksBuildPhase section */

/* Begin PBXGroup section */
		7C8CD28F2A6385BB0063A3A7 = {
			isa = PBXGroup;
			children = (
				7C8CD29A2A6385BB0063A3A7 /* ICE8 */,
				7C8CD2992A6385BB0063A3A7 /* Products */,
			);
			sourceTree = "<group>";
		};
		7C8CD2992A6385BB0063A3A7 /* Products */ = {
			isa = PBXGroup;
			children = (
				7C8CD2982A6385BB0063A3A7 /* ICE8.app */,
			);
			name = Products;
			sourceTree = "<group>";
		};
		7C8CD29A2A6385BB0063A3A7 /* ICE8 */ = {
			isa = PBXGroup;
			children = (
				7C66F9222A63862700D2B48A /* AppDelegate.swift */,
				7C66F9262A63862800D2B48A /* SceneDelegate.swift */,
				7C66F9202A63862700D2B48A /* Movie.swift */,
				7C66F9272A63862800D2B48A /* MoviesViewController.swift */,
				7C66F9212A63862700D2B48A /* MoviesViewModel.swift */,
				7C66F9242A63862700D2B48A /* MovieTableViewCell.swift */,
				7C66F91D2A63862600D2B48A /* MovieCellViewModel.swift */,
				7C66F9232A63862700D2B48A /* Constants.swift */,
				7C66F9252A63862700D2B48A /* Array+Extensions.swift */,
				7C66F9282A63862800D2B48A /* MovieTableViewCell.xib */,
				7C66F91E2A63862600D2B48A /* Main.storyboard */,
				7C8CD2A42A6385BC0063A3A7 /* Assets.xcassets */,
				7C8CD2A62A6385BC0063A3A7 /* LaunchScreen.storyboard */,
				7C8CD2A92A6385BC0063A3A7 /* Info.plist */,
			);
			path = ICE8;
			sourceTree = "<group>";
		};
/* End PBXGroup section */

/* Begin PBXNativeTarget section */
		7C8CD2972A6385BB0063A3A7 /* ICE8 */ = {
			isa = PBXNativeTarget;
			buildConfigurationList = 7C8CD2AC2A6385BC0063A3A7 /* Build configuration list for PBXNativeTarget "ICE8" */;
			buildPhases = (
				7C8CD2942A6385BB0063A3A7 /* Sources */,
				7C8CD2952A6385BB0063A3A7 /* Frameworks */,
				7C8CD2962A6385BB0063A3A7 /* Resources */,
			);
			buildRules = (
			);
			dependencies = (
			);
			name = ICE8;
			productName = ICE8;
			productReference = 7C8CD2982A6385BB0063A3A7 /* ICE8.app */;
			productType = "com.apple.product-type.application";
		};
/* End PBXNativeTarget section */

/* Begin PBXProject section */
		7C8CD2902A6385BB0063A3A7 /* Project object */ = {
			isa = PBXProject;
			attributes = {
				BuildIndependentTargetsInParallel = 1;
				LastSwiftUpdateCheck = 1430;
				LastUpgradeCheck = 1430;
				TargetAttributes = {
					7C8CD2972A6385BB0063A3A7 = {
						CreatedOnToolsVersion = 14.3;
						LastSwiftMigration = 1430;
					};
				};
			};
			buildConfigurationList = 7C8CD2932A6385BB0063A3A7 /* Build configuration list for PBXProject "ICE8" */;
			compatibilityVersion = "Xcode 14.0";
			developmentRegion = en;
			hasScannedForEncodings = 0;
			knownRegions = (
				en,
				Base,
			);
			mainGroup = 7C8CD28F2A6385BB0063A3A7;
			productRefGroup = 7C8CD2992A6385BB0063A3A7 /* Products */;
			projectDirPath = "";
			projectRoot = "";
			targets = (
				7C8CD2972A6385BB0063A3A7 /* ICE8 */,
			);
		};
/* End PBXProject section */

/* Begin PBXResourcesBuildPhase section */
		7C8CD2962A6385BB0063A3A7 /* Resources */ = {
			isa = PBXResourcesBuildPhase;
			buildActionMask = 2147483647;
			files = (
				7C66F92A2A63862800D2B48A /* Main.storyboard in Resources */,
				7C8CD2A82A6385BC0063A3A7 /* LaunchScreen.storyboard in Resources */,
				7C66F9332A63862800D2B48A /* MovieTableViewCell.xib in Resources */,
				7C8CD2A52A6385BC0063A3A7 /* Assets.xcassets in Resources */,
			);
			runOnlyForDeploymentPostprocessing = 0;
		};
/* End PBXResourcesBuildPhase section */

/* Begin PBXSourcesBuildPhase section */
		7C8CD2942A6385BB0063A3A7 /* Sources */ = {
			isa = PBXSourcesBuildPhase;
			buildActionMask = 2147483647;
			files = (
				7C66F92E2A63862800D2B48A /* Constants.swift in Sources */,
				7C66F92D2A63862800D2B48A /* AppDelegate.swift in Sources */,
				7C66F92F2A63862800D2B48A /* MovieTableViewCell.swift in Sources */,
				7C66F9302A63862800D2B48A /* Array+Extensions.swift in Sources */,
				7C66F92B2A63862800D2B48A /* Movie.swift in Sources */,
				7C66F92C2A63862800D2B48A /* MoviesViewModel.swift in Sources */,
				7C66F9292A63862800D2B48A /* MovieCellViewModel.swift in Sources */,
				7C66F9312A63862800D2B48A /* SceneDelegate.swift in Sources */,
				7C66F9322A63862800D2B48A /* MoviesViewController.swift in Sources */,
			);
			runOnlyForDeploymentPostprocessing = 0;
		};
/* End PBXSourcesBuildPhase section */

/* Begin PBXVariantGroup section */
		7C66F91E2A63862600D2B48A /* Main.storyboard */ = {
			isa = PBXVariantGroup;
			children = (
				7C66F91F2A63862600D2B48A /* Base */,
			);
			name = Main.storyboard;
			sourceTree = "<group>";
		};
		7C8CD2A62A6385BC0063A3A7 /* LaunchScreen.storyboard */ = {
			isa = PBXVariantGroup;
			children = (
				7C8CD2A72A6385BC0063A3A7 /* Base */,
			);
			name = LaunchScreen.storyboard;
			sourceTree = "<group>";
		};
/* End PBXVariantGroup section */

/* Begin XCBuildConfiguration section */
		7C8CD2AA2A6385BC0063A3A7 /* Debug */ = {
			isa = XCBuildConfiguration;
			buildSettings = {
				ALWAYS_SEARCH_USER_PATHS = NO;
				CLANG_ANALYZER_NONNULL = YES;
				CLANG_ANALYZER_NUMBER_OBJECT_CONVERSION = YES_AGGRESSIVE;
				CLANG_CXX_LANGUAGE_STANDARD = "gnu++20";
				CLANG_ENABLE_MODULES = YES;
				CLANG_ENABLE_OBJC_ARC = YES;
				CLANG_ENABLE_OBJC_WEAK = YES;
				CLANG_WARN_BLOCK_CAPTURE_AUTORELEASING = YES;
				CLANG_WARN_BOOL_CONVERSION = YES;
				CLANG_WARN_COMMA = YES;
				CLANG_WARN_CONSTANT_CONVERSION = YES;
				CLANG_WARN_DEPRECATED_OBJC_IMPLEMENTATIONS = YES;
				CLANG_WARN_DIRECT_OBJC_ISA_USAGE = YES_ERROR;
				CLANG_WARN_DOCUMENTATION_COMMENTS = YES;
				CLANG_WARN_EMPTY_BODY = YES;
				CLANG_WARN_ENUM_CONVERSION = YES;
				CLANG_WARN_INFINITE_RECURSION = YES;
				CLANG_WARN_INT_CONVERSION = YES;
				CLANG_WARN_NON_LITERAL_NULL_CONVERSION = YES;
				CLANG_WARN_OBJC_IMPLICIT_RETAIN_SELF = YES;
				CLANG_WARN_OBJC_LITERAL_CONVERSION = YES;
				CLANG_WARN_OBJC_ROOT_CLASS = YES_ERROR;
				CLANG_WARN_QUOTED_INCLUDE_IN_FRAMEWORK_HEADER = YES;
				CLANG_WARN_RANGE_LOOP_ANALYSIS = YES;
				CLANG_WARN_STRICT_PROTOTYPES = YES;
				CLANG_WARN_SUSPICIOUS_MOVE = YES;
				CLANG_WARN_UNGUARDED_AVAILABILITY = YES_AGGRESSIVE;
				CLANG_WARN_UNREACHABLE_CODE = YES;
				CLANG_WARN__DUPLICATE_METHOD_MATCH = YES;
				COPY_PHASE_STRIP = NO;
				DEBUG_INFORMATION_FORMAT = dwarf;
				ENABLE_STRICT_OBJC_MSGSEND = YES;
				ENABLE_TESTABILITY = YES;
				GCC_C_LANGUAGE_STANDARD = gnu11;
				GCC_DYNAMIC_NO_PIC = NO;
				GCC_NO_COMMON_BLOCKS = YES;
				GCC_OPTIMIZATION_LEVEL = 0;
				GCC_PREPROCESSOR_DEFINITIONS = (
					"DEBUG=1",
					"$(inherited)",
				);
				GCC_WARN_64_TO_32_BIT_CONVERSION = YES;
				GCC_WARN_ABOUT_RETURN_TYPE = YES_ERROR;
				GCC_WARN_UNDECLARED_SELECTOR = YES;
				GCC_WARN_UNINITIALIZED_AUTOS = YES_AGGRESSIVE;
				GCC_WARN_UNUSED_FUNCTION = YES;
				GCC_WARN_UNUSED_VARIABLE = YES;
				IPHONEOS_DEPLOYMENT_TARGET = 16.4;
				MTL_ENABLE_DEBUG_INFO = INCLUDE_SOURCE;
				MTL_FAST_MATH = YES;
				ONLY_ACTIVE_ARCH = YES;
				SDKROOT = iphoneos;
				SWIFT_ACTIVE_COMPILATION_CONDITIONS = DEBUG;
				SWIFT_OPTIMIZATION_LEVEL = "-Onone";
			};
			name = Debug;
		};
		7C8CD2AB2A6385BC0063A3A7 /* Release */ = {
			isa = XCBuildConfiguration;
			buildSettings = {
				ALWAYS_SEARCH_USER_PATHS = NO;
				CLANG_ANALYZER_NONNULL = YES;
				CLANG_ANALYZER_NUMBER_OBJECT_CONVERSION = YES_AGGRESSIVE;
				CLANG_CXX_LANGUAGE_STANDARD = "gnu++20";
				CLANG_ENABLE_MODULES = YES;
				CLANG_ENABLE_OBJC_ARC = YES;
				CLANG_ENABLE_OBJC_WEAK = YES;
				CLANG_WARN_BLOCK_CAPTURE_AUTORELEASING = YES;
				CLANG_WARN_BOOL_CONVERSION = YES;
				CLANG_WARN_COMMA = YES;
				CLANG_WARN_CONSTANT_CONVERSION = YES;
				CLANG_WARN_DEPRECATED_OBJC_IMPLEMENTATIONS = YES;
				CLANG_WARN_DIRECT_OBJC_ISA_USAGE = YES_ERROR;
				CLANG_WARN_DOCUMENTATION_COMMENTS = YES;
				CLANG_WARN_EMPTY_BODY = YES;
				CLANG_WARN_ENUM_CONVERSION = YES;
				CLANG_WARN_INFINITE_RECURSION = YES;
				CLANG_WARN_INT_CONVERSION = YES;
				CLANG_WARN_NON_LITERAL_NULL_CONVERSION = YES;
				CLANG_WARN_OBJC_IMPLICIT_RETAIN_SELF = YES;
				CLANG_WARN_OBJC_LITERAL_CONVERSION = YES;
				CLANG_WARN_OBJC_ROOT_CLASS = YES_ERROR;
				CLANG_WARN_QUOTED_INCLUDE_IN_FRAMEWORK_HEADER = YES;
				CLANG_WARN_RANGE_LOOP_ANALYSIS = YES;
				CLANG_WARN_STRICT_PROTOTYPES = YES;
				CLANG_WARN_SUSPICIOUS_MOVE = YES;
				CLANG_WARN_UNGUARDED_AVAILABILITY = YES_AGGRESSIVE;
				CLANG_WARN_UNREACHABLE_CODE = YES;
				CLANG_WARN__DUPLICATE_METHOD_MATCH = YES;
				COPY_PHASE_STRIP = NO;
				DEBUG_INFORMATION_FORMAT = "dwarf-with-dsym";
				ENABLE_NS_ASSERTIONS = NO;
				ENABLE_STRICT_OBJC_MSGSEND = YES;
				GCC_C_LANGUAGE_STANDARD = gnu11;
				GCC_NO_COMMON_BLOCKS = YES;
				GCC_WARN_64_TO_32_BIT_CONVERSION = YES;
				GCC_WARN_ABOUT_RETURN_TYPE = YES_ERROR;
				GCC_WARN_UNDECLARED_SELECTOR = YES;
				GCC_WARN_UNINITIALIZED_AUTOS = YES_AGGRESSIVE;
				GCC_WARN_UNUSED_FUNCTION = YES;
				GCC_WARN_UNUSED_VARIABLE = YES;
				IPHONEOS_DEPLOYMENT_TARGET = 16.4;
				MTL_ENABLE_DEBUG_INFO = NO;
				MTL_FAST_MATH = YES;
				SDKROOT = iphoneos;
				SWIFT_COMPILATION_MODE = wholemodule;
				SWIFT_OPTIMIZATION_LEVEL = "-O";
				VALIDATE_PRODUCT = YES;
			};
			name = Release;
		};
		7C8CD2AD2A6385BC0063A3A7 /* Debug */ = {
			isa = XCBuildConfiguration;
			buildSettings = {
				ASSETCATALOG_COMPILER_APPICON_NAME = AppIcon;
				ASSETCATALOG_COMPILER_GLOBAL_ACCENT_COLOR_NAME = AccentColor;
				CLANG_ENABLE_MODULES = YES;
				CODE_SIGN_STYLE = Automatic;
				CURRENT_PROJECT_VERSION = 1;
				DEVELOPMENT_TEAM = XR8TS36N9S;
				GENERATE_INFOPLIST_FILE = YES;
				INFOPLIST_FILE = ICE8/Info.plist;
				INFOPLIST_KEY_UIApplicationSupportsIndirectInputEvents = YES;
				INFOPLIST_KEY_UILaunchStoryboardName = LaunchScreen;
				INFOPLIST_KEY_UIMainStoryboardFile = Main;
				INFOPLIST_KEY_UISupportedInterfaceOrientations_iPad = "UIInterfaceOrientationPortrait UIInterfaceOrientationPortraitUpsideDown UIInterfaceOrientationLandscapeLeft UIInterfaceOrientationLandscapeRight";
				INFOPLIST_KEY_UISupportedInterfaceOrientations_iPhone = "UIInterfaceOrientationPortrait UIInterfaceOrientationLandscapeLeft UIInterfaceOrientationLandscapeRight";
				IPHONEOS_DEPLOYMENT_TARGET = 14.0;
				LD_RUNPATH_SEARCH_PATHS = (
					"$(inherited)",
					"@executable_path/Frameworks",
				);
				MARKETING_VERSION = 1.0;
				PRODUCT_BUNDLE_IDENTIFIER = com.kanwarabhijitsingh.ICE8;
				PRODUCT_NAME = "$(TARGET_NAME)";
				SWIFT_EMIT_LOC_STRINGS = YES;
				SWIFT_OPTIMIZATION_LEVEL = "-Onone";
				SWIFT_VERSION = 5.0;
				TARGETED_DEVICE_FAMILY = "1,2";
			};
			name = Debug;
		};
		7C8CD2AE2A6385BC0063A3A7 /* Release */ = {
			isa = XCBuildConfiguration;
			buildSettings = {
				ASSETCATALOG_COMPILER_APPICON_NAME = AppIcon;
				ASSETCATALOG_COMPILER_GLOBAL_ACCENT_COLOR_NAME = AccentColor;
				CLANG_ENABLE_MODULES = YES;
				CODE_SIGN_STYLE = Automatic;
				CURRENT_PROJECT_VERSION = 1;
				DEVELOPMENT_TEAM = XR8TS36N9S;
				GENERATE_INFOPLIST_FILE = YES;
				INFOPLIST_FILE = ICE8/Info.plist;
				INFOPLIST_KEY_UIApplicationSupportsIndirectInputEvents = YES;
				INFOPLIST_KEY_UILaunchStoryboardName = LaunchScreen;
				INFOPLIST_KEY_UIMainStoryboardFile = Main;
				INFOPLIST_KEY_UISupportedInterfaceOrientations_iPad = "UIInterfaceOrientationPortrait UIInterfaceOrientationPortraitUpsideDown UIInterfaceOrientationLandscapeLeft UIInterfaceOrientationLandscapeRight";
				INFOPLIST_KEY_UISupportedInterfaceOrientations_iPhone = "UIInterfaceOrientationPortrait UIInterfaceOrientationLandscapeLeft UIInterfaceOrientationLandscapeRight";
				IPHONEOS_DEPLOYMENT_TARGET = 14.0;
				LD_RUNPATH_SEARCH_PATHS = (
					"$(inherited)",
					"@executable_path/Frameworks",
				);
				MARKETING_VERSION = 1.0;
				PRODUCT_BUNDLE_IDENTIFIER = com.kanwarabhijitsingh.ICE8;
				PRODUCT_NAME = "$(TARGET_NAME)";
				SWIFT_EMIT_LOC_STRINGS = YES;
				SWIFT_VERSION = 5.0;
				TARGETED_DEVICE_FAMILY = "1,2";
			};
			name = Release;
		};
/* End XCBuildConfiguration section */

/* Begin XCConfigurationList section */
		7C8CD2932A6385BB0063A3A7 /* Build configuration list for PBXProject "ICE8" */ = {
			isa = XCConfigurationList;
			buildConfigurations = (
				7C8CD2AA2A6385BC0063A3A7 /* Debug */,
				7C8CD2AB2A6385BC0063A3A7 /* Release */,
			);
			defaultConfigurationIsVisible = 0;
			defaultConfigurationName = Release;
		};
		7C8CD2AC2A6385BC0063A3A7 /* Build configuration list for PBXNativeTarget "ICE8" */ = {
			isa = XCConfigurationList;
			buildConfigurations = (
				7C8CD2AD2A6385BC0063A3A7 /* Debug */,
				7C8CD2AE2A6385BC0063A3A7 /* Release */,
			);
			defaultConfigurationIsVisible = 0;
			defaultConfigurationName = Release;
		};
/* End XCConfigurationList section */
	};
	rootObject = 7C8CD2902A6385BB0063A3A7 /* Project object */;
}
